
Microsoft Visual Studio Solution File, Format Version 12.00
# Visual Studio Version 16
VisualStudioVersion = 16.0.30114.105
MinimumVisualStudioVersion = 10.0.40219.1
Project("{8BC9CEB8-8B4A-11D0-8D11-00A0C91BC942}") = "BubbleBobbleGame", "BubbleBobbleGame\BubbleBobbleGame.vcxproj", "{D7736431-2767-478D-8395-D487C2E7621C}"
EndProject
Project("{8BC9CEB8-8B4A-11D0-8D11-00A0C91BC942}") = "LiberoEngine", "LiberoEngine\LiberoEngine.vcxproj", "{6060FB6F-957F-47BF-88E0-F6A45990C61E}"
EndProject
Global
	GlobalSection(SolutionConfigurationPlatforms) = preSolution
		Debug|x64 = Debug|x64
		Debug|x86 = Debug|x86
		Release|x64 = Release|x64
		Release|x86 = Release|x86
	EndGlobalSection
	GlobalSection(ProjectConfigurationPlatforms) = postSolution
		{D7736431-2767-478D-8395-D487C2E7621C}.Debug|x64.ActiveCfg = Debug|x64
		{D7736431-2767-478D-8395-D487C2E7621C}.Debug|x64.Build.0 = Debug|x64
		{D7736431-2767-478D-8395-D487C2E7621C}.Debug|x86.ActiveCfg = Debug|Win32
		{D7736431-2767-478D-8395-D487C2E7621C}.Debug|x86.Build.0 = Debug|Win32
		{D7736431-2767-478D-8395-D487C2E7621C}.Release|x64.ActiveCfg = Release|x64
		{D7736431-2767-478D-8395-D487C2E7621C}.Release|x64.Build.0 = Release|x64
		{D7736431-2767-478D-8395-D487C2E7621C}.Release|x86.ActiveCfg = Release|Win32
		{D7736431-2767-478D-8395-D487C2E7621C}.Release|x86.Build.0 = Release|Win32
		{6060FB6F-957F-47BF-88E0-F6A45990C61E}.Debug|x64.ActiveCfg = Debug|x64
		{6060FB6F-957F-47BF-88E0-F6A45990C61E}.Debug|x64.Build.0 = Debug|x64
		{6060FB6F-957F-47BF-88E0-F6A45990C61E}.Debug|x86.ActiveCfg = Debug|Win32
		{6060FB6F-957F-47BF-88E0-F6A45990C61E}.Debug|x86.Build.0 = Debug|Win32
		{6060FB6F-957F-47BF-88E0-F6A45990C61E}.Release|x64.ActiveCfg = Release|x64
		{6060FB6F-957F-47BF-88E0-F6A45990C61E}.Release|x64.Build.0 = Release|x64
		{6060FB6F-957F-47BF-88E0-F6A45990C61E}.Release|x86.ActiveCfg = Release|Win32
		{6060FB6F-957F-47BF-88E0-F6A45990C61E}.Release|x86.Build.0 = Release|Win32
	EndGlobalSection
	GlobalSection(SolutionProperties) = preSolution
		HideSolutionNode = FALSE
	EndGlobalSection
	GlobalSection(ExtensibilityGlobals) = postSolution
		SolutionGuid = {7E6E0FFB-78E4-4077-801F-F009598D1FE1}
	EndGlobalSection
EndGlobal
